Microsoft Visual Studio Solution File, Format Version 12.00
# Visual Studio Version 17
VisualStudioVersion = 17.5.2.0
MinimumVisualStudioVersion = 10.0.40219.1
Project("{FAE04EC0-301F-11D3-BF4B-00C04F79EFBC}") = "AdivinaLaPalabra.Server", "AdivinaLaPalabra.Server.csproj", "{7B816995-EE8E-D8B1-4893-43726F2E44DC}"
EndProject
Global
	GlobalSection(SolutionConfigurationPlatforms) = preSolution
		Debug|Any CPU = Debug|Any CPU
		Release|Any CPU = Release|Any CPU
	EndGlobalSection
	GlobalSection(ProjectConfigurationPlatforms) = postSolution
		{7B816995-EE8E-D8B1-4893-43726F2E44DC}.Debug|Any CPU.ActiveCfg = Debug|Any CPU
		{7B816995-EE8E-D8B1-4893-43726F2E44DC}.Debug|Any CPU.Build.0 = Debug|Any CPU
		{7B816995-EE8E-D8B1-4893-43726F2E44DC}.Release|Any CPU.ActiveCfg = Release|Any CPU
		{7B816995-EE8E-D8B1-4893-43726F2E44DC}.Release|Any CPU.Build.0 = Release|Any CPU
	EndGlobalSection
	GlobalSection(SolutionProperties) = preSolution
		HideSolutionNode = FALSE
	EndGlobalSection
	GlobalSection(ExtensibilityGlobals) = postSolution
		SolutionGuid = {3AAEE3D5-0647-42E2-A417-5F767B86D5B0}
	EndGlobalSection
EndGlobal
